
Microsoft Visual Studio Solution File, Format Version 12.00
# Visual Studio Version 17
VisualStudioVersion = 17.0.32014.148
MinimumVisualStudioVersion = 10.0.40219.1
Project("{FAE04EC0-301F-11D3-BF4B-00C04F79EFBC}") = "WVMC-Service", "WVMC-Service\WVMC-Service.csproj", "{62B0F1BB-C67D-40B2-B13C-F53F71929E06}"
EndProject
Global
	GlobalSection(SolutionConfigurationPlatforms) = preSolution
		Debug|Any CPU = Debug|Any CPU
		Release|Any CPU = Release|Any CPU
	EndGlobalSection
	GlobalSection(ProjectConfigurationPlatforms) = postSolution
		{62B0F1BB-C67D-40B2-B13C-F53F71929E06}.Debug|Any CPU.ActiveCfg = Debug|Any CPU
		{62B0F1BB-C67D-40B2-B13C-F53F71929E06}.Debug|Any CPU.Build.0 = Debug|Any CPU
		{62B0F1BB-C67D-40B2-B13C-F53F71929E06}.Release|Any CPU.ActiveCfg = Release|Any CPU
		{62B0F1BB-C67D-40B2-B13C-F53F71929E06}.Release|Any CPU.Build.0 = Release|Any CPU
	EndGlobalSection
	GlobalSection(SolutionProperties) = preSolution
		HideSolutionNode = FALSE
	EndGlobalSection
	GlobalSection(ExtensibilityGlobals) = postSolution
		SolutionGuid = {DB5259B5-1E1F-4564-812C-FD65F2A93517}
	EndGlobalSection
EndGlobal
